<?xml version="1.0" encoding="utf-8"?>
<Project ToolsVersion="4.0" xmlns="http://schemas.microsoft.com/developer/msbuild/2003">
  <ItemGroup>
    <Filter Include="Source Files">
      <UniqueIdentifier>{4FC737F1-C7A5-4376-A066-2A32D752A2FF}</UniqueIdentifier>
      <Extensions>cpp;c;cc;cxx;def;odl;idl;hpj;bat;asm;asmx</Extensions>
    </Filter>
    <Filter Include="Header Files">
      <UniqueIdentifier>{93995380-89BD-4b04-88EB-625FBE52EBFB}</UniqueIdentifier>
      <Extensions>h;hh;hpp;hxx;hm;inl;inc;xsd</Extensions>
    </Filter>
    <Filter Include="Resource Files">
      <UniqueIdentifier>{67DA6AB6-F800-4c08-8B7A-83BB121AAD01}</UniqueIdentifier>
      <Extensions>rc;ico;cur;bmp;dlg;rc2;rct;bin;rgs;gif;jpg;jpeg;jpe;resx;tiff;tif;png;wav;mfcribbon-ms</Extensions>
    </Filter>
  </ItemGroup>
  <ItemGroup>
    <ClInclude Include="stdafx.h">
      <Filter>Header Files</Filter>
    </ClInclude>
    <ClInclude Include="targetver.h">
      <Filter>Header Files</Filter>
    </ClInclude>
    <ClInclude Include="PiClient_h.h">
      <Filter>Header Files</Filter>
    </ClInclude>
    <ClInclude Include="Utility.h">
      <Filter>Header Files</Filter>
    </ClInclude>
    <ClInclude Include="PiServer_h.h">
      <Filter>Header Files</Filter>
    </ClInclude>
    <ClInclude Include="PiServerAlarm_h.h">
      <Filter>Header Files</Filter>
    </ClInclude>
    <ClInclude Include="resource.h">
      <Filter>Header Files</Filter>
    </ClInclude>
    <ClInclude Include="PiDefine.h">
      <Filter>Header Files</Filter>
    </ClInclude>
    <ClInclude Include="Pocket.h">
      <Filter>Header Files</Filter>
    </ClInclude>
    <ClInclude Include="Client.h">
      <Filter>Header Files</Filter>
    </ClInclude>
    <ClInclude Include="PiServerProgram_h.h">
      <Filter>Header Files</Filter>
    </ClInclude>
    <ClInclude Include="PiServerState_h.h">
      <Filter>Header Files</Filter>
    </ClInclude>
    <ClInclude Include="PiServerTrace_h.h">
      <Filter>Header Files</Filter>
    </ClInclude>
    <ClInclude Include="PiClientEnviroment_h.h">
      <Filter>Header Files</Filter>
    </ClInclude>
    <ClInclude Include="PiClientBoard_h.h">
      <Filter>Header Files</Filter>
    </ClInclude>
    <ClInclude Include="_Benchmark.h">
      <Filter>Header Files</Filter>
    </ClInclude>
    <ClInclude Include="PiClientAlarm_h.h">
      <Filter>Header Files</Filter>
    </ClInclude>
    <ClInclude Include="PiClientState_h.h">
      <Filter>Header Files</Filter>
    </ClInclude>
    <ClInclude Include="PiServerBoard_h.h">
      <Filter>Header Files</Filter>
    </ClInclude>
    <ClInclude Include="Trace.h">
      <Filter>Header Files</Filter>
    </ClInclude>
    <ClInclude Include="PiServerLogin_h.h">
      <Filter>Header Files</Filter>
    </ClInclude>
    <ClInclude Include="PiServerMessage_h.h">
      <Filter>Header Files</Filter>
    </ClInclude>
    <ClInclude Include="PiServerAlign_h.h">
      <Filter>Header Files</Filter>
    </ClInclude>
    <ClInclude Include="PiServerConnect_h.h">
      <Filter>Header Files</Filter>
    </ClInclude>
    <ClInclude Include="PiClientAlign_h.h">
      <Filter>Header Files</Filter>
    </ClInclude>
  </ItemGroup>
  <ItemGroup>
    <ClCompile Include="stdafx.cpp">
      <Filter>Source Files</Filter>
    </ClCompile>
    <ClCompile Include="PiServer_c.c">
      <Filter>Source Files</Filter>
    </ClCompile>
    <ClCompile Include="PiServerAlarm_c.c">
      <Filter>Source Files</Filter>
    </ClCompile>
    <ClCompile Include="_Plugin.cpp">
      <Filter>Source Files</Filter>
    </ClCompile>
    <ClCompile Include="PiClient_s.c">
      <Filter>Source Files</Filter>
    </ClCompile>
    <ClCompile Include="Pocket.cpp">
      <Filter>Source Files</Filter>
    </ClCompile>
    <ClCompile Include="Client.cpp">
      <Filter>Source Files</Filter>
    </ClCompile>
    <ClCompile Include="Utility.cpp">
      <Filter>Source Files</Filter>
    </ClCompile>
    <ClCompile Include="PiServerProgram_c.c">
      <Filter>Source Files</Filter>
    </ClCompile>
    <ClCompile Include="PiServerState_c.c">
      <Filter>Source Files</Filter>
    </ClCompile>
    <ClCompile Include="PiServerTrace_c.c">
      <Filter>Source Files</Filter>
    </ClCompile>
    <ClCompile Include="PiClientEnviroment_s.c">
      <Filter>Source Files</Filter>
    </ClCompile>
    <ClCompile Include="PiClientBoard_s.c">
      <Filter>Source Files</Filter>
    </ClCompile>
    <ClCompile Include="_Benchmark.cpp">
      <Filter>Source Files</Filter>
    </ClCompile>
    <ClCompile Include="PiClientAlarm_s.c">
      <Filter>Source Files</Filter>
    </ClCompile>
    <ClCompile Include="PiClientState_s.c">
      <Filter>Source Files</Filter>
    </ClCompile>
    <ClCompile Include="PiServerBoard_c.c">
      <Filter>Source Files</Filter>
    </ClCompile>
    <ClCompile Include="Main.cpp">
      <Filter>Source Files</Filter>
    </ClCompile>
    <ClCompile Include="Trace.cpp">
      <Filter>Source Files</Filter>
    </ClCompile>
    <ClCompile Include="PiServerLogin_c.c">
      <Filter>Source Files</Filter>
    </ClCompile>
    <ClCompile Include="PiServerMessage_c.c">
      <Filter>Source Files</Filter>
    </ClCompile>
    <ClCompile Include="PiServerAlign_c.c">
      <Filter>Source Files</Filter>
    </ClCompile>
    <ClCompile Include="PiServerConnect_s.c">
      <Filter>Source Files</Filter>
    </ClCompile>
    <ClCompile Include="PiClientAlign_s.c">
      <Filter>Source Files</Filter>
    </ClCompile>
  </ItemGroup>
  <ItemGroup>
    <Midl Include="PiClient.idl">
      <Filter>Resource Files</Filter>
    </Midl>
    <Midl Include="PiDefine.idl">
      <Filter>Resource Files</Filter>
    </Midl>
    <Midl Include="PiServer.idl">
      <Filter>Resource Files</Filter>
    </Midl>
    <Midl Include="PiServerAlarm.idl">
      <Filter>Resource Files</Filter>
    </Midl>
    <Midl Include="PiServerProgram.idl">
      <Filter>Resource Files</Filter>
    </Midl>
    <Midl Include="PiServerState.idl">
      <Filter>Resource Files</Filter>
    </Midl>
    <Midl Include="PiServerTrace.idl">
      <Filter>Resource Files</Filter>
    </Midl>
    <Midl Include="PiClientBoard.idl">
      <Filter>Resource Files</Filter>
    </Midl>
    <Midl Include="PiClientEnviroment.idl">
      <Filter>Resource Files</Filter>
    </Midl>
    <Midl Include="PiClientAlarm.idl">
      <Filter>Resource Files</Filter>
    </Midl>
    <Midl Include="PiClientState.idl">
      <Filter>Resource Files</Filter>
    </Midl>
    <Midl Include="PiServerBoard.idl">
      <Filter>Resource Files</Filter>
    </Midl>
    <Midl Include="PiServerLogin.idl">
      <Filter>Resource Files</Filter>
    </Midl>
    <Midl Include="PiServerMessage.idl">
      <Filter>Resource Files</Filter>
    </Midl>
    <Midl Include="PiServerConnect.idl">
      <Filter>Resource Files</Filter>
    </Midl>
    <Midl Include="PiClientAlign.idl">
      <Filter>Resource Files</Filter>
    </Midl>
  </ItemGroup>
</Project>